
Microsoft Visual Studio Solution File, Format Version 12.00
# Visual Studio Version 16
VisualStudioVersion = 16.0.30709.132
MinimumVisualStudioVersion = 10.0.40219.1
Project("{9A19103F-16F7-4668-BE54-9A1E7A4F7556}") = "RockchipGpioDriver", "RockchipGpioDriver\RockchipGpioDriver.csproj", "{E8B4063D-6DD4-4015-BA2E-5C98361559DF}"
EndProject
Project("{9A19103F-16F7-4668-BE54-9A1E7A4F7556}") = "RockchipGpio.Samples", "RockchipGpio.Samples\RockchipGpio.Samples.csproj", "{3BDCB268-235F-415B-88DF-D69F8FFB1CC4}"
EndProject
Global
	GlobalSection(SolutionConfigurationPlatforms) = preSolution
		Debug|Any CPU = Debug|Any CPU
		Release|Any CPU = Release|Any CPU
	EndGlobalSection
	GlobalSection(ProjectConfigurationPlatforms) = postSolution
		{E8B4063D-6DD4-4015-BA2E-5C98361559DF}.Debug|Any CPU.ActiveCfg = Debug|Any CPU
		{E8B4063D-6DD4-4015-BA2E-5C98361559DF}.Debug|Any CPU.Build.0 = Debug|Any CPU
		{E8B4063D-6DD4-4015-BA2E-5C98361559DF}.Release|Any CPU.ActiveCfg = Release|Any CPU
		{E8B4063D-6DD4-4015-BA2E-5C98361559DF}.Release|Any CPU.Build.0 = Release|Any CPU
		{3BDCB268-235F-415B-88DF-D69F8FFB1CC4}.Debug|Any CPU.ActiveCfg = Debug|Any CPU
		{3BDCB268-235F-415B-88DF-D69F8FFB1CC4}.Debug|Any CPU.Build.0 = Debug|Any CPU
		{3BDCB268-235F-415B-88DF-D69F8FFB1CC4}.Release|Any CPU.ActiveCfg = Release|Any CPU
		{3BDCB268-235F-415B-88DF-D69F8FFB1CC4}.Release|Any CPU.Build.0 = Release|Any CPU
	EndGlobalSection
	GlobalSection(SolutionProperties) = preSolution
		HideSolutionNode = FALSE
	EndGlobalSection
	GlobalSection(ExtensibilityGlobals) = postSolution
		SolutionGuid = {D35A0409-8776-4ABB-BB9A-88FC0301C6F7}
	EndGlobalSection
EndGlobal
